
Microsoft Visual Studio Solution File, Format Version 12.00
# Visual Studio Version 16
VisualStudioVersion = 16.0.29806.167
MinimumVisualStudioVersion = 10.0.40219.1
Project("{9A19103F-16F7-4668-BE54-9A1E7A4F7556}") = "MyAirport.ConsoleApp", "MyAirport.ConsoleApp\MyAirport.ConsoleApp.csproj", "{DE8AE2EC-0B2D-4BE0-AA32-41CA3966A62B}"
EndProject
Project("{9A19103F-16F7-4668-BE54-9A1E7A4F7556}") = "MyAirport.EF", "MyAirport.EF\MyAirport.EF.csproj", "{A94BBD84-3F98-4CE8-B231-380399468B04}"
EndProject
Project("{9A19103F-16F7-4668-BE54-9A1E7A4F7556}") = "MyAirportWebApi", "MyAirportWebApi\MyAirportWebApi.csproj", "{017B0C99-73DD-44DB-936F-6518E7C4247D}"
EndProject
Project("{9A19103F-16F7-4668-BE54-9A1E7A4F7556}") = "MyAirportGraphQl", "MyAirportGraphQl\MyAirportGraphQl.csproj", "{17CA8F37-68D0-49B6-A2F2-13605E2261B4}"
EndProject
Project("{9A19103F-16F7-4668-BE54-9A1E7A4F7556}") = "MyAirportRazor", "MyAirportRazor2\MyAirportRazor.csproj", "{C3DC9403-6DB1-4DF9-B848-0C2C1353F4F5}"
EndProject
Global
	GlobalSection(SolutionConfigurationPlatforms) = preSolution
		Debug|Any CPU = Debug|Any CPU
		Release|Any CPU = Release|Any CPU
	EndGlobalSection
	GlobalSection(ProjectConfigurationPlatforms) = postSolution
		{DE8AE2EC-0B2D-4BE0-AA32-41CA3966A62B}.Debug|Any CPU.ActiveCfg = Debug|Any CPU
		{DE8AE2EC-0B2D-4BE0-AA32-41CA3966A62B}.Debug|Any CPU.Build.0 = Debug|Any CPU
		{DE8AE2EC-0B2D-4BE0-AA32-41CA3966A62B}.Release|Any CPU.ActiveCfg = Release|Any CPU
		{DE8AE2EC-0B2D-4BE0-AA32-41CA3966A62B}.Release|Any CPU.Build.0 = Release|Any CPU
		{A94BBD84-3F98-4CE8-B231-380399468B04}.Debug|Any CPU.ActiveCfg = Debug|Any CPU
		{A94BBD84-3F98-4CE8-B231-380399468B04}.Debug|Any CPU.Build.0 = Debug|Any CPU
		{A94BBD84-3F98-4CE8-B231-380399468B04}.Release|Any CPU.ActiveCfg = Release|Any CPU
		{A94BBD84-3F98-4CE8-B231-380399468B04}.Release|Any CPU.Build.0 = Release|Any CPU
		{017B0C99-73DD-44DB-936F-6518E7C4247D}.Debug|Any CPU.ActiveCfg = Debug|Any CPU
		{017B0C99-73DD-44DB-936F-6518E7C4247D}.Debug|Any CPU.Build.0 = Debug|Any CPU
		{017B0C99-73DD-44DB-936F-6518E7C4247D}.Release|Any CPU.ActiveCfg = Release|Any CPU
		{017B0C99-73DD-44DB-936F-6518E7C4247D}.Release|Any CPU.Build.0 = Release|Any CPU
		{17CA8F37-68D0-49B6-A2F2-13605E2261B4}.Debug|Any CPU.ActiveCfg = Debug|Any CPU
		{17CA8F37-68D0-49B6-A2F2-13605E2261B4}.Debug|Any CPU.Build.0 = Debug|Any CPU
		{17CA8F37-68D0-49B6-A2F2-13605E2261B4}.Release|Any CPU.ActiveCfg = Release|Any CPU
		{17CA8F37-68D0-49B6-A2F2-13605E2261B4}.Release|Any CPU.Build.0 = Release|Any CPU
		{C3DC9403-6DB1-4DF9-B848-0C2C1353F4F5}.Debug|Any CPU.ActiveCfg = Debug|Any CPU
		{C3DC9403-6DB1-4DF9-B848-0C2C1353F4F5}.Debug|Any CPU.Build.0 = Debug|Any CPU
		{C3DC9403-6DB1-4DF9-B848-0C2C1353F4F5}.Release|Any CPU.ActiveCfg = Release|Any CPU
		{C3DC9403-6DB1-4DF9-B848-0C2C1353F4F5}.Release|Any CPU.Build.0 = Release|Any CPU
	EndGlobalSection
	GlobalSection(SolutionProperties) = preSolution
		HideSolutionNode = FALSE
	EndGlobalSection
	GlobalSection(ExtensibilityGlobals) = postSolution
		SolutionGuid = {6AF87B1D-50E0-4295-887D-7D64DA07A321}
	EndGlobalSection
EndGlobal
